
Microsoft Visual Studio Solution File, Format Version 12.00
# Visual Studio 15
VisualStudioVersion = 15.0.28307.902
MinimumVisualStudioVersion = 10.0.40219.1
Project("{9A19103F-16F7-4668-BE54-9A1E7A4F7556}") = "Web", "Web\Web.csproj", "{C05496F3-4997-4A83-AE6F-75454CB18CD2}"
EndProject
Project("{9A19103F-16F7-4668-BE54-9A1E7A4F7556}") = "Core", "Core\Core.csproj", "{7111A8FE-0B93-4AF0-AC6F-C591BA6394AB}"
EndProject
Project("{9A19103F-16F7-4668-BE54-9A1E7A4F7556}") = "Infrastructure", "Infrastructure\Infrastructure.csproj", "{8FC54FA4-B2C6-4B17-8653-D2F69C03E929}"
EndProject
Global
	GlobalSection(SolutionConfigurationPlatforms) = preSolution
		Debug|Any CPU = Debug|Any CPU
		Release|Any CPU = Release|Any CPU
	EndGlobalSection
	GlobalSection(ProjectConfigurationPlatforms) = postSolution
		{C05496F3-4997-4A83-AE6F-75454CB18CD2}.Debug|Any CPU.ActiveCfg = Debug|Any CPU
		{C05496F3-4997-4A83-AE6F-75454CB18CD2}.Debug|Any CPU.Build.0 = Debug|Any CPU
		{C05496F3-4997-4A83-AE6F-75454CB18CD2}.Release|Any CPU.ActiveCfg = Release|Any CPU
		{C05496F3-4997-4A83-AE6F-75454CB18CD2}.Release|Any CPU.Build.0 = Release|Any CPU
		{7111A8FE-0B93-4AF0-AC6F-C591BA6394AB}.Debug|Any CPU.ActiveCfg = Debug|Any CPU
		{7111A8FE-0B93-4AF0-AC6F-C591BA6394AB}.Debug|Any CPU.Build.0 = Debug|Any CPU
		{7111A8FE-0B93-4AF0-AC6F-C591BA6394AB}.Release|Any CPU.ActiveCfg = Release|Any CPU
		{7111A8FE-0B93-4AF0-AC6F-C591BA6394AB}.Release|Any CPU.Build.0 = Release|Any CPU
		{8FC54FA4-B2C6-4B17-8653-D2F69C03E929}.Debug|Any CPU.ActiveCfg = Debug|Any CPU
		{8FC54FA4-B2C6-4B17-8653-D2F69C03E929}.Debug|Any CPU.Build.0 = Debug|Any CPU
		{8FC54FA4-B2C6-4B17-8653-D2F69C03E929}.Release|Any CPU.ActiveCfg = Release|Any CPU
		{8FC54FA4-B2C6-4B17-8653-D2F69C03E929}.Release|Any CPU.Build.0 = Release|Any CPU
	EndGlobalSection
	GlobalSection(SolutionProperties) = preSolution
		HideSolutionNode = FALSE
	EndGlobalSection
	GlobalSection(ExtensibilityGlobals) = postSolution
		SolutionGuid = {D9AE0C00-2662-45BE-A790-69E7028F120D}
	EndGlobalSection
EndGlobal
